{
  "requires": true,
  "lockfileVersion": 1,
  "dependencies": {
    "emailjs": {
      "version": "3.2.1",
      "resolved": "https://registry.npmjs.org/emailjs/-/emailjs-3.2.1.tgz",
      "integrity": "sha512-yBI6/xJqaa58DNGyurwUpyRWAzap9I6I6ZF8U/uesnsCKcpzW1uTeYg2HZb1qda0pskl8JfakSEQ1sK1eu1R5g=="
    }
  }
}
